
Microsoft Visual Studio Solution File, Format Version 12.00
Project("{FAE04EC0-301F-11D3-BF4B-00C04F79EFBC}") = "StockAndBuyTestApp", "StockAndBuyTestApp\StockAndBuyTestApp.csproj", "{A7138691-97B4-41E5-8275-C139CB4D965B}"
EndProject
Global
	GlobalSection(SolutionConfigurationPlatforms) = preSolution
		Debug|Any CPU = Debug|Any CPU
		Release|Any CPU = Release|Any CPU
	EndGlobalSection
	GlobalSection(ProjectConfigurationPlatforms) = postSolution
		{A7138691-97B4-41E5-8275-C139CB4D965B}.Debug|Any CPU.ActiveCfg = Debug|Any CPU
		{A7138691-97B4-41E5-8275-C139CB4D965B}.Debug|Any CPU.Build.0 = Debug|Any CPU
		{A7138691-97B4-41E5-8275-C139CB4D965B}.Release|Any CPU.ActiveCfg = Release|Any CPU
		{A7138691-97B4-41E5-8275-C139CB4D965B}.Release|Any CPU.Build.0 = Release|Any CPU
	EndGlobalSection
EndGlobal
